
Microsoft Visual Studio Solution File, Format Version 12.00
# Visual Studio 14
VisualStudioVersion = 14.0.25420.1
MinimumVisualStudioVersion = 10.0.40219.1
Project("{FAE04EC0-301F-11D3-BF4B-00C04F79EFBC}") = "Assignment-5", "Assignment-5\Assignment-5.csproj", "{FD314BB5-710E-4AF4-AF99-92A868ABAEB5}"
EndProject
Project("{FAE04EC0-301F-11D3-BF4B-00C04F79EFBC}") = "EncryptionLibrary", "EncryptionLibrary\EncryptionLibrary.csproj", "{D3463A8C-36AE-467C-963F-CA268E0FF761}"
EndProject
Global
	GlobalSection(SolutionConfigurationPlatforms) = preSolution
		Debug|Any CPU = Debug|Any CPU
		Release|Any CPU = Release|Any CPU
	EndGlobalSection
	GlobalSection(ProjectConfigurationPlatforms) = postSolution
		{FD314BB5-710E-4AF4-AF99-92A868ABAEB5}.Debug|Any CPU.ActiveCfg = Debug|Any CPU
		{FD314BB5-710E-4AF4-AF99-92A868ABAEB5}.Debug|Any CPU.Build.0 = Debug|Any CPU
		{FD314BB5-710E-4AF4-AF99-92A868ABAEB5}.Release|Any CPU.ActiveCfg = Release|Any CPU
		{FD314BB5-710E-4AF4-AF99-92A868ABAEB5}.Release|Any CPU.Build.0 = Release|Any CPU
		{D3463A8C-36AE-467C-963F-CA268E0FF761}.Debug|Any CPU.ActiveCfg = Debug|Any CPU
		{D3463A8C-36AE-467C-963F-CA268E0FF761}.Debug|Any CPU.Build.0 = Debug|Any CPU
		{D3463A8C-36AE-467C-963F-CA268E0FF761}.Release|Any CPU.ActiveCfg = Release|Any CPU
		{D3463A8C-36AE-467C-963F-CA268E0FF761}.Release|Any CPU.Build.0 = Release|Any CPU
	EndGlobalSection
	GlobalSection(SolutionProperties) = preSolution
		HideSolutionNode = FALSE
	EndGlobalSection
EndGlobal
